
Microsoft Visual Studio Solution File, Format Version 12.00
# Visual Studio 15
VisualStudioVersion = 15.0.28307.539
MinimumVisualStudioVersion = 10.0.40219.1
Project("{FAE04EC0-301F-11D3-BF4B-00C04F79EFBC}") = "APIEtatPiscicole", "APIEtatPiscicole\APIEtatPiscicole.csproj", "{17627728-F139-47CD-A6B5-B88C1A7838B4}"
EndProject
Global
	GlobalSection(SolutionConfigurationPlatforms) = preSolution
		Debug|Any CPU = Debug|Any CPU
		Release|Any CPU = Release|Any CPU
	EndGlobalSection
	GlobalSection(ProjectConfigurationPlatforms) = postSolution
		{17627728-F139-47CD-A6B5-B88C1A7838B4}.Debug|Any CPU.ActiveCfg = Debug|Any CPU
		{17627728-F139-47CD-A6B5-B88C1A7838B4}.Debug|Any CPU.Build.0 = Debug|Any CPU
		{17627728-F139-47CD-A6B5-B88C1A7838B4}.Release|Any CPU.ActiveCfg = Release|Any CPU
		{17627728-F139-47CD-A6B5-B88C1A7838B4}.Release|Any CPU.Build.0 = Release|Any CPU
	EndGlobalSection
	GlobalSection(SolutionProperties) = preSolution
		HideSolutionNode = FALSE
	EndGlobalSection
	GlobalSection(ExtensibilityGlobals) = postSolution
		SolutionGuid = {73300FCB-19C6-4267-9FB7-68ADE45C54F2}
	EndGlobalSection
EndGlobal
