
Microsoft Visual Studio Solution File, Format Version 12.00
# Visual Studio 15
VisualStudioVersion = 15.0.28307.539
MinimumVisualStudioVersion = 10.0.40219.1
Project("{FAE04EC0-301F-11D3-BF4B-00C04F79EFBC}") = "Controller", "Controller\Controller.csproj", "{C6721A34-2459-4472-AD6B-195A257CA697}"
EndProject
Project("{FAE04EC0-301F-11D3-BF4B-00C04F79EFBC}") = "DAL", "DAL\DAL.csproj", "{C7DD9C31-18BD-46BA-9B17-D6887E1161E2}"
EndProject
Project("{FAE04EC0-301F-11D3-BF4B-00C04F79EFBC}") = "IHM", "IHM\IHM.csproj", "{E4E3F09B-69A6-463E-9950-71B486552CF0}"
EndProject
Project("{FAE04EC0-301F-11D3-BF4B-00C04F79EFBC}") = "Model", "Model\Model.csproj", "{0D50D2A9-066A-472B-9EF2-55FCAD2340B7}"
EndProject
Global
	GlobalSection(SolutionConfigurationPlatforms) = preSolution
		Debug|Any CPU = Debug|Any CPU
		Release|Any CPU = Release|Any CPU
	EndGlobalSection
	GlobalSection(ProjectConfigurationPlatforms) = postSolution
		{C6721A34-2459-4472-AD6B-195A257CA697}.Debug|Any CPU.ActiveCfg = Debug|Any CPU
		{C6721A34-2459-4472-AD6B-195A257CA697}.Debug|Any CPU.Build.0 = Debug|Any CPU
		{C6721A34-2459-4472-AD6B-195A257CA697}.Release|Any CPU.ActiveCfg = Release|Any CPU
		{C6721A34-2459-4472-AD6B-195A257CA697}.Release|Any CPU.Build.0 = Release|Any CPU
		{C7DD9C31-18BD-46BA-9B17-D6887E1161E2}.Debug|Any CPU.ActiveCfg = Debug|Any CPU
		{C7DD9C31-18BD-46BA-9B17-D6887E1161E2}.Debug|Any CPU.Build.0 = Debug|Any CPU
		{C7DD9C31-18BD-46BA-9B17-D6887E1161E2}.Release|Any CPU.ActiveCfg = Release|Any CPU
		{C7DD9C31-18BD-46BA-9B17-D6887E1161E2}.Release|Any CPU.Build.0 = Release|Any CPU
		{E4E3F09B-69A6-463E-9950-71B486552CF0}.Debug|Any CPU.ActiveCfg = Debug|Any CPU
		{E4E3F09B-69A6-463E-9950-71B486552CF0}.Debug|Any CPU.Build.0 = Debug|Any CPU
		{E4E3F09B-69A6-463E-9950-71B486552CF0}.Release|Any CPU.ActiveCfg = Release|Any CPU
		{E4E3F09B-69A6-463E-9950-71B486552CF0}.Release|Any CPU.Build.0 = Release|Any CPU
		{0D50D2A9-066A-472B-9EF2-55FCAD2340B7}.Debug|Any CPU.ActiveCfg = Debug|Any CPU
		{0D50D2A9-066A-472B-9EF2-55FCAD2340B7}.Debug|Any CPU.Build.0 = Debug|Any CPU
		{0D50D2A9-066A-472B-9EF2-55FCAD2340B7}.Release|Any CPU.ActiveCfg = Release|Any CPU
		{0D50D2A9-066A-472B-9EF2-55FCAD2340B7}.Release|Any CPU.Build.0 = Release|Any CPU
	EndGlobalSection
	GlobalSection(SolutionProperties) = preSolution
		HideSolutionNode = FALSE
	EndGlobalSection
	GlobalSection(ExtensibilityGlobals) = postSolution
		SolutionGuid = {73300FCB-19C6-4267-9FB7-68ADE45C54F2}
	EndGlobalSection
EndGlobal
